
Microsoft Visual Studio Solution File, Format Version 12.00
# Visual Studio Version 17
VisualStudioVersion = 17.2.32602.215
MinimumVisualStudioVersion = 10.0.40219.1
Project("{9A19103F-16F7-4668-BE54-9A1E7A4F7556}") = "System.Windows.Forms.Controls", "System.Windows.Forms.Controls.csproj", "{34476933-5FCC-4B65-93E9-3961951DCA11}"
EndProject
Global
	GlobalSection(SolutionConfigurationPlatforms) = preSolution
		Debug|Any CPU = Debug|Any CPU
		Release|Any CPU = Release|Any CPU
	EndGlobalSection
	GlobalSection(ProjectConfigurationPlatforms) = postSolution
		{34476933-5FCC-4B65-93E9-3961951DCA11}.Debug|Any CPU.ActiveCfg = Debug|Any CPU
		{34476933-5FCC-4B65-93E9-3961951DCA11}.Debug|Any CPU.Build.0 = Debug|Any CPU
		{34476933-5FCC-4B65-93E9-3961951DCA11}.Release|Any CPU.ActiveCfg = Release|Any CPU
		{34476933-5FCC-4B65-93E9-3961951DCA11}.Release|Any CPU.Build.0 = Release|Any CPU
	EndGlobalSection
	GlobalSection(SolutionProperties) = preSolution
		HideSolutionNode = FALSE
	EndGlobalSection
	GlobalSection(ExtensibilityGlobals) = postSolution
		SolutionGuid = {2C5A3888-B5AE-4358-8B75-291C35E0446E}
	EndGlobalSection
EndGlobal
